
Microsoft Visual Studio Solution File, Format Version 12.00
# Visual Studio Version 17
VisualStudioVersion = 17.9.34728.123
MinimumVisualStudioVersion = 10.0.40219.1
Project("{FAE04EC0-301F-11D3-BF4B-00C04F79EFBC}") = "SGCentroFormacaoProjFinal", "SGCentroFormacaoProjFinal.csproj", "{E161A345-E4C9-4948-A54C-C86D479C1E66}"
EndProject
Global
	GlobalSection(SolutionConfigurationPlatforms) = preSolution
		Debug|Any CPU = Debug|Any CPU
		Release|Any CPU = Release|Any CPU
	EndGlobalSection
	GlobalSection(ProjectConfigurationPlatforms) = postSolution
		{E161A345-E4C9-4948-A54C-C86D479C1E66}.Debug|Any CPU.ActiveCfg = Debug|Any CPU
		{E161A345-E4C9-4948-A54C-C86D479C1E66}.Debug|Any CPU.Build.0 = Debug|Any CPU
		{E161A345-E4C9-4948-A54C-C86D479C1E66}.Release|Any CPU.ActiveCfg = Release|Any CPU
		{E161A345-E4C9-4948-A54C-C86D479C1E66}.Release|Any CPU.Build.0 = Release|Any CPU
	EndGlobalSection
	GlobalSection(SolutionProperties) = preSolution
		HideSolutionNode = FALSE
	EndGlobalSection
	GlobalSection(ExtensibilityGlobals) = postSolution
		SolutionGuid = {48318E60-609F-4812-9658-625AA0F76BAB}
	EndGlobalSection
EndGlobal
