
Microsoft Visual Studio Solution File, Format Version 12.00
# Visual Studio Version 17
VisualStudioVersion = 17.7.34031.279
MinimumVisualStudioVersion = 10.0.40219.1
Project("{FAE04EC0-301F-11D3-BF4B-00C04F79EFBC}") = "Tarefa01", "Tarefa01\Tarefa01.csproj", "{F801471D-46EB-42A5-804A-A803A8EBF8A5}"
EndProject
Project("{FAE04EC0-301F-11D3-BF4B-00C04F79EFBC}") = "Tarefa02", "Tarefa02\Tarefa02.csproj", "{1251FED4-82DB-4FAB-B04D-92583BE69FA5}"
EndProject
Project("{FAE04EC0-301F-11D3-BF4B-00C04F79EFBC}") = "Tarefa03", "Tarefa03\Tarefa03.csproj", "{D192927E-1142-456A-A4B8-3D1448A6421E}"
EndProject
Global
	GlobalSection(SolutionConfigurationPlatforms) = preSolution
		Debug|Any CPU = Debug|Any CPU
		Release|Any CPU = Release|Any CPU
	EndGlobalSection
	GlobalSection(ProjectConfigurationPlatforms) = postSolution
		{F801471D-46EB-42A5-804A-A803A8EBF8A5}.Debug|Any CPU.ActiveCfg = Debug|Any CPU
		{F801471D-46EB-42A5-804A-A803A8EBF8A5}.Debug|Any CPU.Build.0 = Debug|Any CPU
		{F801471D-46EB-42A5-804A-A803A8EBF8A5}.Release|Any CPU.ActiveCfg = Release|Any CPU
		{F801471D-46EB-42A5-804A-A803A8EBF8A5}.Release|Any CPU.Build.0 = Release|Any CPU
		{1251FED4-82DB-4FAB-B04D-92583BE69FA5}.Debug|Any CPU.ActiveCfg = Debug|Any CPU
		{1251FED4-82DB-4FAB-B04D-92583BE69FA5}.Debug|Any CPU.Build.0 = Debug|Any CPU
		{1251FED4-82DB-4FAB-B04D-92583BE69FA5}.Release|Any CPU.ActiveCfg = Release|Any CPU
		{1251FED4-82DB-4FAB-B04D-92583BE69FA5}.Release|Any CPU.Build.0 = Release|Any CPU
		{D192927E-1142-456A-A4B8-3D1448A6421E}.Debug|Any CPU.ActiveCfg = Debug|Any CPU
		{D192927E-1142-456A-A4B8-3D1448A6421E}.Debug|Any CPU.Build.0 = Debug|Any CPU
		{D192927E-1142-456A-A4B8-3D1448A6421E}.Release|Any CPU.ActiveCfg = Release|Any CPU
		{D192927E-1142-456A-A4B8-3D1448A6421E}.Release|Any CPU.Build.0 = Release|Any CPU
	EndGlobalSection
	GlobalSection(SolutionProperties) = preSolution
		HideSolutionNode = FALSE
	EndGlobalSection
	GlobalSection(ExtensibilityGlobals) = postSolution
		SolutionGuid = {4598E250-AEF2-4387-90D4-9E3C478013D1}
	EndGlobalSection
EndGlobal
