
Microsoft Visual Studio Solution File, Format Version 12.00
# Visual Studio Version 17
VisualStudioVersion = 17.7.34031.279
MinimumVisualStudioVersion = 10.0.40219.1
Project("{FAE04EC0-301F-11D3-BF4B-00C04F79EFBC}") = "Tarefa01", "Tarefa01\Tarefa01.csproj", "{F801471D-46EB-42A5-804A-A803A8EBF8A5}"
EndProject
Project("{FAE04EC0-301F-11D3-BF4B-00C04F79EFBC}") = "Tarefa02", "Tarefa02\Tarefa02.csproj", "{1251FED4-82DB-4FAB-B04D-92583BE69FA5}"
EndProject
Project("{FAE04EC0-301F-11D3-BF4B-00C04F79EFBC}") = "Tarefa03", "Tarefa03\Tarefa03.csproj", "{D192927E-1142-456A-A4B8-3D1448A6421E}"
EndProject
Project("{FAE04EC0-301F-11D3-BF4B-00C04F79EFBC}") = "Tarefa04Hipotenusa", "Tarefa04Hipotenusa\Tarefa04Hipotenusa.csproj", "{EF9ABD13-EA0D-403D-9CB8-C8232269985B}"
EndProject
Project("{FAE04EC0-301F-11D3-BF4B-00C04F79EFBC}") = "Tarefa05ContarPalavras", "Tarefa05ContarPalavras\Tarefa05ContarPalavras.csproj", "{FD187178-7A9F-417E-A4B3-8C0E325B718B}"
EndProject
Project("{FAE04EC0-301F-11D3-BF4B-00C04F79EFBC}") = "Tarefa06Nome&Apelido", "Tarefa06Nome&Apelido\Tarefa06Nome&Apelido.csproj", "{94F95CE2-D2DA-49A4-995F-B90CF0A7D5A9}"
EndProject
Project("{FAE04EC0-301F-11D3-BF4B-00C04F79EFBC}") = "Tarefa07Divisao", "Tarefa07Divisao\Tarefa07Divisao.csproj", "{046D74DF-16C8-4CEC-B2B9-A9B83FBD2955}"
EndProject
Project("{FAE04EC0-301F-11D3-BF4B-00C04F79EFBC}") = "Tarefa08Idade", "Tarefa08Idade\Tarefa08Idade.csproj", "{5C713779-546D-4BC8-B8B8-B3E60F18F9E3}"
EndProject
Project("{FAE04EC0-301F-11D3-BF4B-00C04F79EFBC}") = "Tarefa09RaizQuadrada", "Tarefa09RaizQuadrada\Tarefa09RaizQuadrada.csproj", "{42B2F208-CD36-4358-B984-C95B43CB3BC3}"
EndProject
Project("{FAE04EC0-301F-11D3-BF4B-00C04F79EFBC}") = "Tarefa10ListaNomes", "Tarefa10ListaNomes\Tarefa10ListaNomes.csproj", "{DCE69D10-69ED-447B-8EB8-8ED850B364C5}"
EndProject
Project("{FAE04EC0-301F-11D3-BF4B-00C04F79EFBC}") = "Tarefa11TrocaString", "Tarefa11TrocaString\Tarefa11TrocaString.csproj", "{767E09BC-0FFB-4759-883B-FF7DCD2E25DA}"
EndProject
Project("{FAE04EC0-301F-11D3-BF4B-00C04F79EFBC}") = "Tarefa12Classe", "Tarefa12Classe\Tarefa12Classe.csproj", "{2283051C-93E3-4298-880D-AAA463163674}"
EndProject
Project("{FAE04EC0-301F-11D3-BF4B-00C04F79EFBC}") = "Tarefa13ContarNomes", "Tarefa13ContarNomes\Tarefa13ContarNomes.csproj", "{0425AC7E-3A80-4DED-B349-A512C4BE7465}"
EndProject
Global
	GlobalSection(SolutionConfigurationPlatforms) = preSolution
		Debug|Any CPU = Debug|Any CPU
		Release|Any CPU = Release|Any CPU
	EndGlobalSection
	GlobalSection(ProjectConfigurationPlatforms) = postSolution
		{F801471D-46EB-42A5-804A-A803A8EBF8A5}.Debug|Any CPU.ActiveCfg = Debug|Any CPU
		{F801471D-46EB-42A5-804A-A803A8EBF8A5}.Debug|Any CPU.Build.0 = Debug|Any CPU
		{F801471D-46EB-42A5-804A-A803A8EBF8A5}.Release|Any CPU.ActiveCfg = Release|Any CPU
		{F801471D-46EB-42A5-804A-A803A8EBF8A5}.Release|Any CPU.Build.0 = Release|Any CPU
		{1251FED4-82DB-4FAB-B04D-92583BE69FA5}.Debug|Any CPU.ActiveCfg = Debug|Any CPU
		{1251FED4-82DB-4FAB-B04D-92583BE69FA5}.Debug|Any CPU.Build.0 = Debug|Any CPU
		{1251FED4-82DB-4FAB-B04D-92583BE69FA5}.Release|Any CPU.ActiveCfg = Release|Any CPU
		{1251FED4-82DB-4FAB-B04D-92583BE69FA5}.Release|Any CPU.Build.0 = Release|Any CPU
		{D192927E-1142-456A-A4B8-3D1448A6421E}.Debug|Any CPU.ActiveCfg = Debug|Any CPU
		{D192927E-1142-456A-A4B8-3D1448A6421E}.Debug|Any CPU.Build.0 = Debug|Any CPU
		{D192927E-1142-456A-A4B8-3D1448A6421E}.Release|Any CPU.ActiveCfg = Release|Any CPU
		{D192927E-1142-456A-A4B8-3D1448A6421E}.Release|Any CPU.Build.0 = Release|Any CPU
		{EF9ABD13-EA0D-403D-9CB8-C8232269985B}.Debug|Any CPU.ActiveCfg = Debug|Any CPU
		{EF9ABD13-EA0D-403D-9CB8-C8232269985B}.Debug|Any CPU.Build.0 = Debug|Any CPU
		{EF9ABD13-EA0D-403D-9CB8-C8232269985B}.Release|Any CPU.ActiveCfg = Release|Any CPU
		{EF9ABD13-EA0D-403D-9CB8-C8232269985B}.Release|Any CPU.Build.0 = Release|Any CPU
		{FD187178-7A9F-417E-A4B3-8C0E325B718B}.Debug|Any CPU.ActiveCfg = Debug|Any CPU
		{FD187178-7A9F-417E-A4B3-8C0E325B718B}.Debug|Any CPU.Build.0 = Debug|Any CPU
		{FD187178-7A9F-417E-A4B3-8C0E325B718B}.Release|Any CPU.ActiveCfg = Release|Any CPU
		{FD187178-7A9F-417E-A4B3-8C0E325B718B}.Release|Any CPU.Build.0 = Release|Any CPU
		{94F95CE2-D2DA-49A4-995F-B90CF0A7D5A9}.Debug|Any CPU.ActiveCfg = Debug|Any CPU
		{94F95CE2-D2DA-49A4-995F-B90CF0A7D5A9}.Debug|Any CPU.Build.0 = Debug|Any CPU
		{94F95CE2-D2DA-49A4-995F-B90CF0A7D5A9}.Release|Any CPU.ActiveCfg = Release|Any CPU
		{94F95CE2-D2DA-49A4-995F-B90CF0A7D5A9}.Release|Any CPU.Build.0 = Release|Any CPU
		{046D74DF-16C8-4CEC-B2B9-A9B83FBD2955}.Debug|Any CPU.ActiveCfg = Debug|Any CPU
		{046D74DF-16C8-4CEC-B2B9-A9B83FBD2955}.Debug|Any CPU.Build.0 = Debug|Any CPU
		{046D74DF-16C8-4CEC-B2B9-A9B83FBD2955}.Release|Any CPU.ActiveCfg = Release|Any CPU
		{046D74DF-16C8-4CEC-B2B9-A9B83FBD2955}.Release|Any CPU.Build.0 = Release|Any CPU
		{5C713779-546D-4BC8-B8B8-B3E60F18F9E3}.Debug|Any CPU.ActiveCfg = Debug|Any CPU
		{5C713779-546D-4BC8-B8B8-B3E60F18F9E3}.Debug|Any CPU.Build.0 = Debug|Any CPU
		{5C713779-546D-4BC8-B8B8-B3E60F18F9E3}.Release|Any CPU.ActiveCfg = Release|Any CPU
		{5C713779-546D-4BC8-B8B8-B3E60F18F9E3}.Release|Any CPU.Build.0 = Release|Any CPU
		{42B2F208-CD36-4358-B984-C95B43CB3BC3}.Debug|Any CPU.ActiveCfg = Debug|Any CPU
		{42B2F208-CD36-4358-B984-C95B43CB3BC3}.Debug|Any CPU.Build.0 = Debug|Any CPU
		{42B2F208-CD36-4358-B984-C95B43CB3BC3}.Release|Any CPU.ActiveCfg = Release|Any CPU
		{42B2F208-CD36-4358-B984-C95B43CB3BC3}.Release|Any CPU.Build.0 = Release|Any CPU
		{DCE69D10-69ED-447B-8EB8-8ED850B364C5}.Debug|Any CPU.ActiveCfg = Debug|Any CPU
		{DCE69D10-69ED-447B-8EB8-8ED850B364C5}.Debug|Any CPU.Build.0 = Debug|Any CPU
		{DCE69D10-69ED-447B-8EB8-8ED850B364C5}.Release|Any CPU.ActiveCfg = Release|Any CPU
		{DCE69D10-69ED-447B-8EB8-8ED850B364C5}.Release|Any CPU.Build.0 = Release|Any CPU
		{767E09BC-0FFB-4759-883B-FF7DCD2E25DA}.Debug|Any CPU.ActiveCfg = Debug|Any CPU
		{767E09BC-0FFB-4759-883B-FF7DCD2E25DA}.Debug|Any CPU.Build.0 = Debug|Any CPU
		{767E09BC-0FFB-4759-883B-FF7DCD2E25DA}.Release|Any CPU.ActiveCfg = Release|Any CPU
		{767E09BC-0FFB-4759-883B-FF7DCD2E25DA}.Release|Any CPU.Build.0 = Release|Any CPU
		{2283051C-93E3-4298-880D-AAA463163674}.Debug|Any CPU.ActiveCfg = Debug|Any CPU
		{2283051C-93E3-4298-880D-AAA463163674}.Debug|Any CPU.Build.0 = Debug|Any CPU
		{2283051C-93E3-4298-880D-AAA463163674}.Release|Any CPU.ActiveCfg = Release|Any CPU
		{2283051C-93E3-4298-880D-AAA463163674}.Release|Any CPU.Build.0 = Release|Any CPU
		{0425AC7E-3A80-4DED-B349-A512C4BE7465}.Debug|Any CPU.ActiveCfg = Debug|Any CPU
		{0425AC7E-3A80-4DED-B349-A512C4BE7465}.Debug|Any CPU.Build.0 = Debug|Any CPU
		{0425AC7E-3A80-4DED-B349-A512C4BE7465}.Release|Any CPU.ActiveCfg = Release|Any CPU
		{0425AC7E-3A80-4DED-B349-A512C4BE7465}.Release|Any CPU.Build.0 = Release|Any CPU
	EndGlobalSection
	GlobalSection(SolutionProperties) = preSolution
		HideSolutionNode = FALSE
	EndGlobalSection
	GlobalSection(ExtensibilityGlobals) = postSolution
		SolutionGuid = {4598E250-AEF2-4387-90D4-9E3C478013D1}
	EndGlobalSection
EndGlobal
