
Microsoft Visual Studio Solution File, Format Version 12.00
# Visual Studio Version 17
VisualStudioVersion = 17.7.34221.43
MinimumVisualStudioVersion = 10.0.40219.1
Project("{FAE04EC0-301F-11D3-BF4B-00C04F79EFBC}") = "WindowsFormsMySql", "WindowsFormsMySql.csproj", "{F031B5DB-5318-437E-8053-AF23D880DFDF}"
EndProject
Global
	GlobalSection(SolutionConfigurationPlatforms) = preSolution
		Debug|Any CPU = Debug|Any CPU
		Release|Any CPU = Release|Any CPU
	EndGlobalSection
	GlobalSection(ProjectConfigurationPlatforms) = postSolution
		{F031B5DB-5318-437E-8053-AF23D880DFDF}.Debug|Any CPU.ActiveCfg = Debug|Any CPU
		{F031B5DB-5318-437E-8053-AF23D880DFDF}.Debug|Any CPU.Build.0 = Debug|Any CPU
		{F031B5DB-5318-437E-8053-AF23D880DFDF}.Release|Any CPU.ActiveCfg = Release|Any CPU
		{F031B5DB-5318-437E-8053-AF23D880DFDF}.Release|Any CPU.Build.0 = Release|Any CPU
	EndGlobalSection
	GlobalSection(SolutionProperties) = preSolution
		HideSolutionNode = FALSE
	EndGlobalSection
	GlobalSection(ExtensibilityGlobals) = postSolution
		SolutionGuid = {850D879C-7C52-4E70-802C-8AD8D242C5A3}
	EndGlobalSection
EndGlobal
